# This file is automatically @generated by Wally.
# It is not intended for manual editing.
registry = "test"

[[package]]
name = "frqstbite/object-pool"
version = "1.0.2"
dependencies = []

[[package]]
name = "kashtheking/sound-pool"
version = "0.1.0"
dependencies = [["ObjectPool", "frqstbite/object-pool@1.0.2"], ["Signal", "sleitnick/signal@2.0.3"], ["Trove", "sleitnick/trove@1.8.0"]]

[[package]]
name = "sleitnick/signal"
version = "2.0.3"
dependencies = []

[[package]]
name = "sleitnick/trove"
version = "1.8.0"
dependencies = []
